<Solution>
  <Folder Name="/documentation/">
    <File Path="ASSETS-LICENSES.md" />
    <File Path="README.md" />
  </Folder>
  <Folder Name="/src/">
    <Project Path="src/ProjectTemplate.Infrastructure/ProjectTemplate.Infrastructure.csproj" />
    <Project Path="src/ProjectTemplate.Web/ProjectTemplate.Web.csproj" />
  </Folder>
  <Folder Name="/tests/">
    <Project Path="tests/ProjectTemplate.Web.Tests/ProjectTemplate.Web.Tests.csproj" />
  </Folder>
</Solution>
